
Microsoft Visual Studio Solution File, Format Version 12.00
# Visual Studio Version 17
VisualStudioVersion = 17.11.35208.52
MinimumVisualStudioVersion = 10.0.40219.1
Project("{FAE04EC0-301F-11D3-BF4B-00C04F79EFBC}") = "CSharpHomework2", "CSharpHomework2\CSharpHomework2.csproj", "{47146C65-37A3-4446-AA66-C7E908ADC45D}"
EndProject
Global
	GlobalSection(SolutionConfigurationPlatforms) = preSolution
		Debug|Any CPU = Debug|Any CPU
		Release|Any CPU = Release|Any CPU
	EndGlobalSection
	GlobalSection(ProjectConfigurationPlatforms) = postSolution
		{47146C65-37A3-4446-AA66-C7E908ADC45D}.Debug|Any CPU.ActiveCfg = Debug|Any CPU
		{47146C65-37A3-4446-AA66-C7E908ADC45D}.Debug|Any CPU.Build.0 = Debug|Any CPU
		{47146C65-37A3-4446-AA66-C7E908ADC45D}.Release|Any CPU.ActiveCfg = Release|Any CPU
		{47146C65-37A3-4446-AA66-C7E908ADC45D}.Release|Any CPU.Build.0 = Release|Any CPU
	EndGlobalSection
	GlobalSection(SolutionProperties) = preSolution
		HideSolutionNode = FALSE
	EndGlobalSection
	GlobalSection(ExtensibilityGlobals) = postSolution
		SolutionGuid = {6C2A8D3D-136A-4B8B-B8F9-976970311A34}
	EndGlobalSection
EndGlobal
